
Microsoft Visual Studio Solution File, Format Version 12.00
# Visual Studio Version 17
VisualStudioVersion = 17.4.33110.190
MinimumVisualStudioVersion = 10.0.40219.1
Project("{FAE04EC0-301F-11D3-BF4B-00C04F79EFBC}") = "TRMDataManager", "TRMDataManager\TRMDataManager.csproj", "{BAB91BD2-698A-484A-874D-B7016503082B}"
EndProject
Global
	GlobalSection(SolutionConfigurationPlatforms) = preSolution
		Debug|Any CPU = Debug|Any CPU
		Release|Any CPU = Release|Any CPU
	EndGlobalSection
	GlobalSection(ProjectConfigurationPlatforms) = postSolution
		{BAB91BD2-698A-484A-874D-B7016503082B}.Debug|Any CPU.ActiveCfg = Debug|Any CPU
		{BAB91BD2-698A-484A-874D-B7016503082B}.Debug|Any CPU.Build.0 = Debug|Any CPU
		{BAB91BD2-698A-484A-874D-B7016503082B}.Release|Any CPU.ActiveCfg = Release|Any CPU
		{BAB91BD2-698A-484A-874D-B7016503082B}.Release|Any CPU.Build.0 = Release|Any CPU
	EndGlobalSection
	GlobalSection(SolutionProperties) = preSolution
		HideSolutionNode = FALSE
	EndGlobalSection
	GlobalSection(ExtensibilityGlobals) = postSolution
		SolutionGuid = {F296F60C-B3DA-4A78-A49E-EF22B25A30DD}
	EndGlobalSection
EndGlobal
